
Microsoft Visual Studio Solution File, Format Version 12.00
# Visual Studio 15
VisualStudioVersion = 15.0.28010.2048
MinimumVisualStudioVersion = 10.0.40219.1
Project("{2150E333-8FDC-42A3-9474-1A3956D46DE8}") = "Src", "Src", "{AF9C933D-37ED-4646-9EBD-46DE351A0595}"
EndProject
Project("{2150E333-8FDC-42A3-9474-1A3956D46DE8}") = "Tests", "Tests", "{622E93AD-7420-4ECF-B34A-A3711D9CF6ED}"
EndProject
Project("{2150E333-8FDC-42A3-9474-1A3956D46DE8}") = "Core", "Core", "{BAD1C49C-EBF8-4F21-8E5E-5DDCDCA5CB30}"
EndProject
Project("{9A19103F-16F7-4668-BE54-9A1E7A4F7556}") = "TechTest.Domain", "Src\Core\Domain\TechTest.Domain.csproj", "{1668CB44-6333-49C8-89E3-D9FF1A414E92}"
EndProject
Project("{9A19103F-16F7-4668-BE54-9A1E7A4F7556}") = "TechTest.Application", "Src\Core\Application\TechTest.Application.csproj", "{25548700-6EFF-4F67-A6B7-436237DD9B4E}"
EndProject
Project("{2150E333-8FDC-42A3-9474-1A3956D46DE8}") = "Infrastructure", "Infrastructure", "{A4F5A810-B17D-407B-AF60-43A6D94CC90D}"
EndProject
Project("{9A19103F-16F7-4668-BE54-9A1E7A4F7556}") = "TechTest.Persistence", "Src\Infrastructure\Persistence\TechTest.Persistence.csproj", "{4C2BDAA0-6510-471E-9EFE-755A70FD29F3}"
EndProject
Project("{2150E333-8FDC-42A3-9474-1A3956D46DE8}") = "Docs", "Docs", "{8F96B450-7CE6-41F4-B081-B02FC72FC75A}"
EndProject
Project("{2150E333-8FDC-42A3-9474-1A3956D46DE8}") = "Presentation", "Presentation", "{1379DF74-BF0A-4339-8768-A82BDF9E7257}"
EndProject
Project("{9A19103F-16F7-4668-BE54-9A1E7A4F7556}") = "TechTest.API", "Src\Presentation\API\TechTest.API.csproj", "{98904396-0538-499F-9942-E4BA39568C18}"
EndProject
Global
	GlobalSection(SolutionConfigurationPlatforms) = preSolution
		Debug|Any CPU = Debug|Any CPU
		Release|Any CPU = Release|Any CPU
	EndGlobalSection
	GlobalSection(ProjectConfigurationPlatforms) = postSolution
		{1668CB44-6333-49C8-89E3-D9FF1A414E92}.Debug|Any CPU.ActiveCfg = Debug|Any CPU
		{1668CB44-6333-49C8-89E3-D9FF1A414E92}.Debug|Any CPU.Build.0 = Debug|Any CPU
		{1668CB44-6333-49C8-89E3-D9FF1A414E92}.Release|Any CPU.ActiveCfg = Release|Any CPU
		{1668CB44-6333-49C8-89E3-D9FF1A414E92}.Release|Any CPU.Build.0 = Release|Any CPU
		{25548700-6EFF-4F67-A6B7-436237DD9B4E}.Debug|Any CPU.ActiveCfg = Debug|Any CPU
		{25548700-6EFF-4F67-A6B7-436237DD9B4E}.Debug|Any CPU.Build.0 = Debug|Any CPU
		{25548700-6EFF-4F67-A6B7-436237DD9B4E}.Release|Any CPU.ActiveCfg = Release|Any CPU
		{25548700-6EFF-4F67-A6B7-436237DD9B4E}.Release|Any CPU.Build.0 = Release|Any CPU
		{4C2BDAA0-6510-471E-9EFE-755A70FD29F3}.Debug|Any CPU.ActiveCfg = Debug|Any CPU
		{4C2BDAA0-6510-471E-9EFE-755A70FD29F3}.Debug|Any CPU.Build.0 = Debug|Any CPU
		{4C2BDAA0-6510-471E-9EFE-755A70FD29F3}.Release|Any CPU.ActiveCfg = Release|Any CPU
		{4C2BDAA0-6510-471E-9EFE-755A70FD29F3}.Release|Any CPU.Build.0 = Release|Any CPU
		{98904396-0538-499F-9942-E4BA39568C18}.Debug|Any CPU.ActiveCfg = Debug|Any CPU
		{98904396-0538-499F-9942-E4BA39568C18}.Debug|Any CPU.Build.0 = Debug|Any CPU
		{98904396-0538-499F-9942-E4BA39568C18}.Release|Any CPU.ActiveCfg = Release|Any CPU
		{98904396-0538-499F-9942-E4BA39568C18}.Release|Any CPU.Build.0 = Release|Any CPU
	EndGlobalSection
	GlobalSection(SolutionProperties) = preSolution
		HideSolutionNode = FALSE
	EndGlobalSection
	GlobalSection(NestedProjects) = preSolution
		{BAD1C49C-EBF8-4F21-8E5E-5DDCDCA5CB30} = {AF9C933D-37ED-4646-9EBD-46DE351A0595}
		{1668CB44-6333-49C8-89E3-D9FF1A414E92} = {BAD1C49C-EBF8-4F21-8E5E-5DDCDCA5CB30}
		{25548700-6EFF-4F67-A6B7-436237DD9B4E} = {BAD1C49C-EBF8-4F21-8E5E-5DDCDCA5CB30}
		{A4F5A810-B17D-407B-AF60-43A6D94CC90D} = {AF9C933D-37ED-4646-9EBD-46DE351A0595}
		{4C2BDAA0-6510-471E-9EFE-755A70FD29F3} = {A4F5A810-B17D-407B-AF60-43A6D94CC90D}
		{1379DF74-BF0A-4339-8768-A82BDF9E7257} = {AF9C933D-37ED-4646-9EBD-46DE351A0595}
		{98904396-0538-499F-9942-E4BA39568C18} = {1379DF74-BF0A-4339-8768-A82BDF9E7257}
	EndGlobalSection
	GlobalSection(ExtensibilityGlobals) = postSolution
		SolutionGuid = {002B6F77-571B-441F-8396-4E004A5DEA2D}
	EndGlobalSection
EndGlobal
